# This file is automatically @generated by Cargo.
# It is not intended for manual editing.
version = 3

[[package]]
name = "document-features"
version = "0.2.7"
source = "registry+https://github.com/rust-lang/crates.io-index"
checksum = "e493c573fce17f00dcab13b6ac057994f3ce17d1af4dc39bfd482b83c6eb6157"
dependencies = [
 "litrs",
]

[[package]]
name = "example_uses_document_features"
version = "0.1.0"
dependencies = [
 "document-features",
]

[[package]]
name = "litrs"
version = "0.2.3"
source = "registry+https://github.com/rust-lang/crates.io-index"
checksum = "f9275e0933cf8bb20f008924c0cb07a0692fe54d8064996520bf998de9eb79aa"
